
Microsoft Visual Studio Solution File, Format Version 12.00
# Visual Studio Version 17
VisualStudioVersion = 17.5.002.0
MinimumVisualStudioVersion = 10.0.40219.1
Project("{9A19103F-16F7-4668-BE54-9A1E7A4F7556}") = "learning c#", "learning c#.csproj", "{48A7DAE5-E693-456D-818E-C88B1C67F84C}"
EndProject
Global
	GlobalSection(SolutionConfigurationPlatforms) = preSolution
		Debug|Any CPU = Debug|Any CPU
		Release|Any CPU = Release|Any CPU
	EndGlobalSection
	GlobalSection(ProjectConfigurationPlatforms) = postSolution
		{48A7DAE5-E693-456D-818E-C88B1C67F84C}.Debug|Any CPU.ActiveCfg = Debug|Any CPU
		{48A7DAE5-E693-456D-818E-C88B1C67F84C}.Debug|Any CPU.Build.0 = Debug|Any CPU
		{48A7DAE5-E693-456D-818E-C88B1C67F84C}.Release|Any CPU.ActiveCfg = Release|Any CPU
		{48A7DAE5-E693-456D-818E-C88B1C67F84C}.Release|Any CPU.Build.0 = Release|Any CPU
	EndGlobalSection
	GlobalSection(SolutionProperties) = preSolution
		HideSolutionNode = FALSE
	EndGlobalSection
	GlobalSection(ExtensibilityGlobals) = postSolution
		SolutionGuid = {B91C9AE8-8D9B-417D-A542-AAED0B06D443}
	EndGlobalSection
EndGlobal
